{
	"name": "component-library",
	"version": "0.0.1",
	"lockfileVersion": 1,
	"requires": true,
	"dependencies": {
		"@rollup/plugin-alias": {
			"version": "3.1.0",
			"resolved": "https://registry.npmjs.org/@rollup/plugin-alias/-/plugin-alias-3.1.0.tgz",
			"integrity": "sha512-IzoejtAqdfwAvx4D0bztAJFoL5Js36kJgnbO00zfI1B9jf9G80vWysyG0C4+E6w5uG5hz0EeetPpoBWKdNktCQ==",
			"dev": true,
			"requires": {
				"slash": "^3.0.0"
			}
		},
		"@stencil/angular-output-target": {
			"version": "0.0.2",
			"resolved": "https://registry.npmjs.org/@stencil/angular-output-target/-/angular-output-target-0.0.2.tgz",
			"integrity": "sha512-GyQ/VTipzzweuNYbs+FrK1q3FSEG4LZkzg+keuMQNRDX77aCy5hsYivspMRMwOXIwUXh9wSIzqQR3JuLiFHzcw==",
			"dev": true
		},
		"@stencil/core": {
			"version": "1.12.6",
			"resolved": "https://registry.npmjs.org/@stencil/core/-/core-1.12.6.tgz",
			"integrity": "sha512-fOHG9x92wxlQOlp9YRouLlejFShtfvZEx4LFjNi7bqTX/nHTetdv3Ir+J+SanebjBuJgKiAmLIwXviQ0Geq23w==",
			"dev": true,
			"requires": {
				"typescript": "3.8.3"
			}
		},
		"@stencil/react-output-target": {
			"version": "0.0.6",
			"resolved": "https://registry.npmjs.org/@stencil/react-output-target/-/react-output-target-0.0.6.tgz",
			"integrity": "sha512-Z0d1+RLmyxi/SuwYeIt+bKPyAl8hvz971GixmfNL1Kr9NRV45fEg6pyAjU3VzpEQkcsExE2HER2ShRqWI0ubRw==",
			"dev": true
		},
		"@stencil/router": {
			"version": "1.0.1",
			"resolved": "https://registry.npmjs.org/@stencil/router/-/router-1.0.1.tgz",
			"integrity": "sha512-ZMholl1BE+glNAc/8pcEb9RYkeH0XETxsJbx6D7f3azTmaTXqKYty1IACP/3BtVjuimpfLdxQJ+J95wKmnYBtA==",
			"dev": true,
			"requires": {
				"@stencil/state-tunnel": "^1.0.1"
			}
		},
		"@stencil/sass": {
			"version": "1.3.1",
			"resolved": "https://registry.npmjs.org/@stencil/sass/-/sass-1.3.1.tgz",
			"integrity": "sha512-5qsEyhLGTywpG4zlWv6eBhhj/z2Z37nbUGa87Ak0KqfsEiclJCYRA/AMM9FiN1jHfBvr968G4zE8rNlYmiPLsQ==",
			"dev": true
		},
		"@stencil/state-tunnel": {
			"version": "1.0.1",
			"resolved": "https://registry.npmjs.org/@stencil/state-tunnel/-/state-tunnel-1.0.1.tgz",
			"integrity": "sha512-DYG8uROgL9hkjVTCtCfRBb0d3FwpiFB0muRrNZQ2X1Qo5hxMuNNji76/ILddqeq0AfgkKCW82xrMPDpy+rNIhQ==",
			"dev": true
		},
		"@types/node": {
			"version": "13.13.2",
			"resolved": "https://registry.npmjs.org/@types/node/-/node-13.13.2.tgz",
			"integrity": "sha512-LB2R1Oyhpg8gu4SON/mfforE525+Hi/M1ineICEDftqNVTyFg1aRIeGuTvXAoWHc4nbrFncWtJgMmoyRvuGh7A==",
			"dev": true
		},
		"slash": {
			"version": "3.0.0",
			"resolved": "https://registry.npmjs.org/slash/-/slash-3.0.0.tgz",
			"integrity": "sha512-g9Q1haeby36OSStwb4ntCGGGaKsaVSjQ68fBxoQcutl5fS1vuY18H3wSt3jFyFtrkx+Kz0V1G85A4MyAdDMi2Q==",
			"dev": true
		},
		"typescript": {
			"version": "3.8.3",
			"resolved": "https://registry.npmjs.org/typescript/-/typescript-3.8.3.tgz",
			"integrity": "sha512-MYlEfn5VrLNsgudQTVJeNaQFUAI7DkhnOjdpAp4T+ku1TfQClewlbSuTVHiA+8skNBgaf02TL/kLOvig4y3G8w==",
			"dev": true
		}
	}
}
